
Microsoft Visual Studio Solution File, Format Version 12.00
# Visual Studio Version 17
VisualStudioVersion = 17.12.35506.116
MinimumVisualStudioVersion = 10.0.40219.1
Project("{FAE04EC0-301F-11D3-BF4B-00C04F79EFBC}") = "CRYPTOGRAPHY", "CRYPTOGRAPHY\CRYPTOGRAPHY.csproj", "{4C5F9A1F-630B-4182-A26C-C3BC822DCD58}"
EndProject
Project("{2150E333-8FDC-42A3-9474-1A3956D46DE8}") = "1 - Random Number", "1 - Random Number", "{0C6B3584-8D92-41B8-855C-907492C95D07}"
EndProject
Project("{FAE04EC0-301F-11D3-BF4B-00C04F79EFBC}") = "AES", "AES\AES.csproj", "{E26C8C1E-549B-4DF6-A3ED-2BBE2B332669}"
EndProject
Project("{2150E333-8FDC-42A3-9474-1A3956D46DE8}") = "2 - Encryption", "2 - Encryption", "{F0D79D5D-C695-4914-B381-D908008999D3}"
EndProject
Project("{FAE04EC0-301F-11D3-BF4B-00C04F79EFBC}") = "TripleDES", "TripleDES\TripleDES.csproj", "{CFE22491-7618-490C-9064-CBAA2C1F79E4}"
EndProject
Project("{FAE04EC0-301F-11D3-BF4B-00C04F79EFBC}") = "RSAClass", "RSAClass\RSAClass.csproj", "{416892AD-D832-48AB-90D0-F26461F85636}"
EndProject
Global
	GlobalSection(SolutionConfigurationPlatforms) = preSolution
		Debug|Any CPU = Debug|Any CPU
		Release|Any CPU = Release|Any CPU
	EndGlobalSection
	GlobalSection(ProjectConfigurationPlatforms) = postSolution
		{4C5F9A1F-630B-4182-A26C-C3BC822DCD58}.Debug|Any CPU.ActiveCfg = Debug|Any CPU
		{4C5F9A1F-630B-4182-A26C-C3BC822DCD58}.Debug|Any CPU.Build.0 = Debug|Any CPU
		{4C5F9A1F-630B-4182-A26C-C3BC822DCD58}.Release|Any CPU.ActiveCfg = Release|Any CPU
		{4C5F9A1F-630B-4182-A26C-C3BC822DCD58}.Release|Any CPU.Build.0 = Release|Any CPU
		{E26C8C1E-549B-4DF6-A3ED-2BBE2B332669}.Debug|Any CPU.ActiveCfg = Debug|Any CPU
		{E26C8C1E-549B-4DF6-A3ED-2BBE2B332669}.Debug|Any CPU.Build.0 = Debug|Any CPU
		{E26C8C1E-549B-4DF6-A3ED-2BBE2B332669}.Release|Any CPU.ActiveCfg = Release|Any CPU
		{E26C8C1E-549B-4DF6-A3ED-2BBE2B332669}.Release|Any CPU.Build.0 = Release|Any CPU
		{CFE22491-7618-490C-9064-CBAA2C1F79E4}.Debug|Any CPU.ActiveCfg = Debug|Any CPU
		{CFE22491-7618-490C-9064-CBAA2C1F79E4}.Debug|Any CPU.Build.0 = Debug|Any CPU
		{CFE22491-7618-490C-9064-CBAA2C1F79E4}.Release|Any CPU.ActiveCfg = Release|Any CPU
		{CFE22491-7618-490C-9064-CBAA2C1F79E4}.Release|Any CPU.Build.0 = Release|Any CPU
		{416892AD-D832-48AB-90D0-F26461F85636}.Debug|Any CPU.ActiveCfg = Debug|Any CPU
		{416892AD-D832-48AB-90D0-F26461F85636}.Debug|Any CPU.Build.0 = Debug|Any CPU
		{416892AD-D832-48AB-90D0-F26461F85636}.Release|Any CPU.ActiveCfg = Release|Any CPU
		{416892AD-D832-48AB-90D0-F26461F85636}.Release|Any CPU.Build.0 = Release|Any CPU
	EndGlobalSection
	GlobalSection(SolutionProperties) = preSolution
		HideSolutionNode = FALSE
	EndGlobalSection
	GlobalSection(NestedProjects) = preSolution
		{4C5F9A1F-630B-4182-A26C-C3BC822DCD58} = {0C6B3584-8D92-41B8-855C-907492C95D07}
		{E26C8C1E-549B-4DF6-A3ED-2BBE2B332669} = {F0D79D5D-C695-4914-B381-D908008999D3}
		{CFE22491-7618-490C-9064-CBAA2C1F79E4} = {F0D79D5D-C695-4914-B381-D908008999D3}
		{416892AD-D832-48AB-90D0-F26461F85636} = {F0D79D5D-C695-4914-B381-D908008999D3}
	EndGlobalSection
	GlobalSection(ExtensibilityGlobals) = postSolution
		SolutionGuid = {CC997A65-E09D-4BE4-A5EF-A39FCE0D3924}
	EndGlobalSection
EndGlobal
